
Microsoft Visual Studio Solution File, Format Version 12.00
# Visual Studio Version 16
VisualStudioVersion = 16.0.29709.97
MinimumVisualStudioVersion = 10.0.40219.1
Project("{FAE04EC0-301F-11D3-BF4B-00C04F79EFBC}") = "CarrierJumpNotification", "CarrierJumpNotification\CarrierJumpNotification.csproj", "{1591612F-DE6F-409F-A1B6-9A6B4DC73A1B}"
EndProject
Global
	GlobalSection(SolutionConfigurationPlatforms) = preSolution
		Debug|Any CPU = Debug|Any CPU
		Release|Any CPU = Release|Any CPU
	EndGlobalSection
	GlobalSection(ProjectConfigurationPlatforms) = postSolution
		{1591612F-DE6F-409F-A1B6-9A6B4DC73A1B}.Debug|Any CPU.ActiveCfg = Debug|Any CPU
		{1591612F-DE6F-409F-A1B6-9A6B4DC73A1B}.Debug|Any CPU.Build.0 = Debug|Any CPU
		{1591612F-DE6F-409F-A1B6-9A6B4DC73A1B}.Release|Any CPU.ActiveCfg = Release|Any CPU
		{1591612F-DE6F-409F-A1B6-9A6B4DC73A1B}.Release|Any CPU.Build.0 = Release|Any CPU
	EndGlobalSection
	GlobalSection(SolutionProperties) = preSolution
		HideSolutionNode = FALSE
	EndGlobalSection
	GlobalSection(ExtensibilityGlobals) = postSolution
		SolutionGuid = {3EB4AABA-AE62-4E37-9B8C-6A32AD2FFA17}
	EndGlobalSection
EndGlobal
